{
  "name": "iconify-cli-examples",
  "version": "1.0.0",
  "lockfileVersion": 3,
  "requires": true,
  "packages": {
    "": {
      "name": "iconify-cli-examples",
      "version": "1.0.0",
      "license": "ISC",
      "dependencies": {
        "iconify-cli": "file:.."
      }
    },
    "..": {
      "version": "1.0.0",
      "license": "MIT",
      "dependencies": {
        "@iconify/api": "3.1.1",
        "@iconify/tools": "4.1.2",
        "@iconify/utils": "2.3.0",
        "commander": "13.1.0",
        "svgo": "3.3.2",
        "tsx": "4.19.3",
        "typescript": "5.8.3"
      },
      "bin": {
        "iconify": "dist/index.js"
      },
      "devDependencies": {
        "@arethetypeswrong/cli": "0.17.4",
        "@types/node": "22.14.1"
      },
      "engines": {
        "node": ">=18.0.0"
      }
    },
    "node_modules/iconify-cli": {
      "resolved": "..",
      "link": true
    }
  }
}
